
Microsoft Visual Studio Solution File, Format Version 12.00
# Visual Studio 14
VisualStudioVersion = 14.0.25420.1
MinimumVisualStudioVersion = 10.0.40219.1
Project("{FAE04EC0-301F-11D3-BF4B-00C04F79EFBC}") = "YJY_API", "YJY_API\YJY_API.csproj", "{DB808401-9DCD-4A76-96D2-4AC086649F4F}"
EndProject
Project("{CC5FD16D-436D-48AD-A40C-5A424C6E3E79}") = "YJY_API.AzureWebRole", "YJY_API.AzureWebRole\YJY_API.AzureWebRole.ccproj", "{BA5D0548-3A0F-4254-B348-7E318B5E5745}"
EndProject
Global
	GlobalSection(SolutionConfigurationPlatforms) = preSolution
		Debug|Any CPU = Debug|Any CPU
		Release|Any CPU = Release|Any CPU
	EndGlobalSection
	GlobalSection(ProjectConfigurationPlatforms) = postSolution
		{DB808401-9DCD-4A76-96D2-4AC086649F4F}.Debug|Any CPU.ActiveCfg = Debug|Any CPU
		{DB808401-9DCD-4A76-96D2-4AC086649F4F}.Debug|Any CPU.Build.0 = Debug|Any CPU
		{DB808401-9DCD-4A76-96D2-4AC086649F4F}.Release|Any CPU.ActiveCfg = Release|Any CPU
		{DB808401-9DCD-4A76-96D2-4AC086649F4F}.Release|Any CPU.Build.0 = Release|Any CPU
		{BA5D0548-3A0F-4254-B348-7E318B5E5745}.Debug|Any CPU.ActiveCfg = Debug|Any CPU
		{BA5D0548-3A0F-4254-B348-7E318B5E5745}.Debug|Any CPU.Build.0 = Debug|Any CPU
		{BA5D0548-3A0F-4254-B348-7E318B5E5745}.Release|Any CPU.ActiveCfg = Release|Any CPU
		{BA5D0548-3A0F-4254-B348-7E318B5E5745}.Release|Any CPU.Build.0 = Release|Any CPU
	EndGlobalSection
	GlobalSection(SolutionProperties) = preSolution
		HideSolutionNode = FALSE
	EndGlobalSection
EndGlobal
